<?xml version="1.0" encoding="utf-8"?>
<Project ToolsVersion="4.0" xmlns="http://schemas.microsoft.com/developer/msbuild/2003">
  <ItemGroup>
    <Filter Include="Source Files">
      <UniqueIdentifier>{4FC737F1-C7A5-4376-A066-2A32D752A2FF}</UniqueIdentifier>
      <Extensions>cpp;c;cc;cxx;def;odl;idl;hpj;bat;asm;asmx</Extensions>
    </Filter>
    <Filter Include="Header Files">
      <UniqueIdentifier>{93995380-89BD-4b04-88EB-625FBE52EBFB}</UniqueIdentifier>
      <Extensions>h;hh;hpp;hxx;hm;inl;inc;xsd</Extensions>
    </Filter>
    <Filter Include="Resource Files">
      <UniqueIdentifier>{67DA6AB6-F800-4c08-8B7A-83BB121AAD01}</UniqueIdentifier>
      <Extensions>rc;ico;cur;bmp;dlg;rc2;rct;bin;rgs;gif;jpg;jpeg;jpe;resx;tiff;tif;png;wav</Extensions>
    </Filter>
    <Filter Include="Source Files\class3++">
      <UniqueIdentifier>{92348f98-8a8a-4d7e-9762-67e9f35d74d3}</UniqueIdentifier>
    </Filter>
    <Filter Include="Source Files\NotCategorized">
      <UniqueIdentifier>{f04d0236-1a35-45aa-b111-38f4de784439}</UniqueIdentifier>
    </Filter>
    <Filter Include="Source Files\NewFilter1">
      <UniqueIdentifier>{01195f15-4e88-4219-a876-a386ec4e4fb5}</UniqueIdentifier>
    </Filter>
  </ItemGroup>
  <ItemGroup>
    <ClCompile Include="baekjoon\class3++\boj_2178.cpp">
      <Filter>Source Files\class3++</Filter>
    </ClCompile>
    <ClCompile Include="baekjoon\class1-all\boj_1001.cpp">
      <Filter>Source Files\NotCategorized</Filter>
    </ClCompile>
    <ClCompile Include="baekjoon\class1-all\boj_1008.cpp">
      <Filter>Source Files\NotCategorized</Filter>
    </ClCompile>
    <ClCompile Include="baekjoon\class3+\boj_1012.cpp">
      <Filter>Source Files\NotCategorized</Filter>
    </ClCompile>
    <ClCompile Include="baekjoon\stepbystep\6_function\boj_1065.cpp">
      <Filter>Source Files\NotCategorized</Filter>
    </ClCompile>
    <ClCompile Include="baekjoon\class3+\boj_1071.cpp">
      <Filter>Source Files\NotCategorized</Filter>
    </ClCompile>
    <ClCompile Include="baekjoon\class2-all\boj_1085.cpp">
      <Filter>Source Files\NotCategorized</Filter>
    </ClCompile>
    <ClCompile Include="baekjoon\class1-all\boj_1157.cpp">
      <Filter>Source Files\NotCategorized</Filter>
    </ClCompile>
    <ClCompile Include="baekjoon\class2-all\boj_1181.cpp">
      <Filter>Source Files\NotCategorized</Filter>
    </ClCompile>
    <ClCompile Include="baekjoon\class2-all\boj_1259.cpp">
      <Filter>Source Files\NotCategorized</Filter>
    </ClCompile>
    <ClCompile Include="baekjoon\class3++\boj_1389.cpp">
      <Filter>Source Files\NotCategorized</Filter>
    </ClCompile>
    <ClCompile Include="baekjoon\class3++\boj_1541.cpp">
      <Filter>Source Files\NotCategorized</Filter>
    </ClCompile>
    <ClCompile Include="baekjoon\class1-all\boj_1546.cpp">
      <Filter>Source Files\NotCategorized</Filter>
    </ClCompile>
    <ClCompile Include="baekjoon\class3\boj_1620.cpp">
      <Filter>Source Files\NotCategorized</Filter>
    </ClCompile>
    <ClCompile Include="baekjoon\class2-all\boj_1654.cpp">
      <Filter>Source Files\NotCategorized</Filter>
    </ClCompile>
    <ClCompile Include="baekjoon\class3\boj_1675.cpp">
      <Filter>Source Files\NotCategorized</Filter>
    </ClCompile>
    <ClCompile Include="baekjoon\class3+\boj_1697.cpp">
      <Filter>Source Files\NotCategorized</Filter>
    </ClCompile>
    <ClCompile Include="baekjoon\class3\boj_1764.cpp">
      <Filter>Source Files\NotCategorized</Filter>
    </ClCompile>
    <ClCompile Include="baekjoon\class3++\boj_1780.cpp">
      <Filter>Source Files\NotCategorized</Filter>
    </ClCompile>
    <ClCompile Include="baekjoon\class2-all\boj_1874.cpp">
      <Filter>Source Files\NotCategorized</Filter>
    </ClCompile>
    <ClCompile Include="baekjoon\class2-all\boj_1920.cpp">
      <Filter>Source Files\NotCategorized</Filter>
    </ClCompile>
    <ClCompile Include="baekjoon\class2-all\boj_1929.cpp">
      <Filter>Source Files\NotCategorized</Filter>
    </ClCompile>
    <ClCompile Include="baekjoon\class3+\boj_1931.cpp">
      <Filter>Source Files\NotCategorized</Filter>
    </ClCompile>
    <ClCompile Include="baekjoon\class2-all\boj_1966.cpp">
      <Filter>Source Files\NotCategorized</Filter>
    </ClCompile>
    <ClCompile Include="baekjoon\class3+\boj_1972.cpp">
      <Filter>Source Files\NotCategorized</Filter>
    </ClCompile>
    <ClCompile Include="baekjoon\class2-all\boj_1978.cpp">
      <Filter>Source Files\NotCategorized</Filter>
    </ClCompile>
    <ClCompile Include="baekjoon\class3++\boj_1992.cpp">
      <Filter>Source Files\NotCategorized</Filter>
    </ClCompile>
    <ClCompile Include="baekjoon\class2-all\boj_2108.cpp">
      <Filter>Source Files\NotCategorized</Filter>
    </ClCompile>
    <ClCompile Include="baekjoon\class2-all\boj_2164.cpp">
      <Filter>Source Files\NotCategorized</Filter>
    </ClCompile>
    <ClCompile Include="baekjoon\class2-all\boj_2292.cpp">
      <Filter>Source Files\NotCategorized</Filter>
    </ClCompile>
    <ClCompile Include="baekjoon\class1-all\boj_2438.cpp">
      <Filter>Source Files\NotCategorized</Filter>
    </ClCompile>
    <ClCompile Include="baekjoon\class1-all\boj_2439.cpp">
      <Filter>Source Files\NotCategorized</Filter>
    </ClCompile>
    <ClCompile Include="baekjoon\class1-all\boj_2475.cpp">
      <Filter>Source Files\NotCategorized</Filter>
    </ClCompile>
    <ClCompile Include="baekjoon\class1-all\boj_2562.cpp">
      <Filter>Source Files\NotCategorized</Filter>
    </ClCompile>
    <ClCompile Include="baekjoon\stepbystep\1_ioandcalculation\boj_2588.cpp">
      <Filter>Source Files\NotCategorized</Filter>
    </ClCompile>
    <ClCompile Include="baekjoon\class3\boj_2606.cpp">
      <Filter>Source Files\NotCategorized</Filter>
    </ClCompile>
    <ClCompile Include="baekjoon\class2-all\boj_2609.cpp">
      <Filter>Source Files\NotCategorized</Filter>
    </ClCompile>
    <ClCompile Include="baekjoon\class1-all\boj_2675.cpp">
      <Filter>Source Files\NotCategorized</Filter>
    </ClCompile>
    <ClCompile Include="baekjoon\class1-all\boj_2741.cpp">
      <Filter>Source Files\NotCategorized</Filter>
    </ClCompile>
    <ClCompile Include="baekjoon\class1-all\boj_2742.cpp">
      <Filter>Source Files\NotCategorized</Filter>
    </ClCompile>
    <ClCompile Include="baekjoon\class2-all\boj_2751.cpp">
      <Filter>Source Files\NotCategorized</Filter>
    </ClCompile>
    <ClCompile Include="baekjoon\class2-all\boj_2775.cpp">
      <Filter>Source Files\NotCategorized</Filter>
    </ClCompile>
    <ClCompile Include="baekjoon\class2-all\boj_2805.cpp">
      <Filter>Source Files\NotCategorized</Filter>
    </ClCompile>
    <ClCompile Include="baekjoon\class2-all\boj_2839.cpp">
      <Filter>Source Files\NotCategorized</Filter>
    </ClCompile>
    <ClCompile Include="baekjoon\class1-all\boj_2884.cpp">
      <Filter>Source Files\NotCategorized</Filter>
    </ClCompile>
    <ClCompile Include="baekjoon\class1-all\boj_2920.cpp">
      <Filter>Source Files\NotCategorized</Filter>
    </ClCompile>
    <ClCompile Include="baekjoon\class1-all\boj_3053.cpp">
      <Filter>Source Files\NotCategorized</Filter>
    </ClCompile>
    <ClCompile Include="baekjoon\class2-all\boj_4153.cpp">
      <Filter>Source Files\NotCategorized</Filter>
    </ClCompile>
    <ClCompile Include="baekjoon\stepbystep\3_for\boj_4344.cpp">
      <Filter>Source Files\NotCategorized</Filter>
    </ClCompile>
    <ClCompile Include="baekjoon\class2-all\boj_4949.cpp">
      <Filter>Source Files\NotCategorized</Filter>
    </ClCompile>
    <ClCompile Include="baekjoon\class3++\boj_5525.cpp">
      <Filter>Source Files\NotCategorized</Filter>
    </ClCompile>
    <ClCompile Include="baekjoon\class3+\boj_7576.cpp">
      <Filter>Source Files\NotCategorized</Filter>
    </ClCompile>
    <ClCompile Include="baekjoon\class3+\boj_7662.cpp">
      <Filter>Source Files\NotCategorized</Filter>
    </ClCompile>
    <ClCompile Include="baekjoon\class1-all\boj_8958.cpp">
      <Filter>Source Files\NotCategorized</Filter>
    </ClCompile>
    <ClCompile Include="baekjoon\class2-all\boj_9012.cpp">
      <Filter>Source Files\NotCategorized</Filter>
    </ClCompile>
    <ClCompile Include="baekjoon\class3\boj_9375.cpp">
      <Filter>Source Files\NotCategorized</Filter>
    </ClCompile>
    <ClCompile Include="baekjoon\class2-all\boj_10250.cpp">
      <Filter>Source Files\NotCategorized</Filter>
    </ClCompile>
    <ClCompile Include="baekjoon\stepbystep\1_ioandcalculation\boj_10430.cpp">
      <Filter>Source Files\NotCategorized</Filter>
    </ClCompile>
    <ClCompile Include="baekjoon\class2-all\boj_10773.cpp">
      <Filter>Source Files\NotCategorized</Filter>
    </ClCompile>
    <ClCompile Include="baekjoon\class1-all\boj_10809.cpp">
      <Filter>Source Files\NotCategorized</Filter>
    </ClCompile>
    <ClCompile Include="baekjoon\class2-all\boj_10814.cpp">
      <Filter>Source Files\NotCategorized</Filter>
    </ClCompile>
    <ClCompile Include="baekjoon\class2-all\boj_10816.cpp">
      <Filter>Source Files\NotCategorized</Filter>
    </ClCompile>
    <ClCompile Include="baekjoon\class2-all\boj_10845.cpp">
      <Filter>Source Files\NotCategorized</Filter>
    </ClCompile>
    <ClCompile Include="baekjoon\class2-all\boj_10866.cpp">
      <Filter>Source Files\NotCategorized</Filter>
    </ClCompile>
    <ClCompile Include="baekjoon\class1-all\boj_10869.cpp">
      <Filter>Source Files\NotCategorized</Filter>
    </ClCompile>
    <ClCompile Include="baekjoon\class1-all\boj_10871.cpp">
      <Filter>Source Files\NotCategorized</Filter>
    </ClCompile>
    <ClCompile Include="baekjoon\stepbystep\1_ioandcalculation\boj_10926.cpp">
      <Filter>Source Files\NotCategorized</Filter>
    </ClCompile>
    <ClCompile Include="baekjoon\class2-all\boj_10989.cpp">
      <Filter>Source Files\NotCategorized</Filter>
    </ClCompile>
    <ClCompile Include="baekjoon\class1-all\boj_10998.cpp">
      <Filter>Source Files\NotCategorized</Filter>
    </ClCompile>
    <ClCompile Include="baekjoon\stepbystep\3_for\boj_11021.cpp">
      <Filter>Source Files\NotCategorized</Filter>
    </ClCompile>
    <ClCompile Include="baekjoon\stepbystep\3_for\boj_11022.cpp">
      <Filter>Source Files\NotCategorized</Filter>
    </ClCompile>
    <ClCompile Include="baekjoon\class2-all\boj_11050.cpp">
      <Filter>Source Files\NotCategorized</Filter>
    </ClCompile>
    <ClCompile Include="baekjoon\class3+\boj_11279c.cpp">
      <Filter>Source Files\NotCategorized</Filter>
    </ClCompile>
    <ClCompile Include="baekjoon\class3\boj_11399.cpp">
      <Filter>Source Files\NotCategorized</Filter>
    </ClCompile>
    <ClCompile Include="baekjoon\class2-all\boj_11650.cpp">
      <Filter>Source Files\NotCategorized</Filter>
    </ClCompile>
    <ClCompile Include="baekjoon\class2-all\boj_11651.cpp">
      <Filter>Source Files\NotCategorized</Filter>
    </ClCompile>
    <ClCompile Include="baekjoon\class1-all\boj_11654.cpp">
      <Filter>Source Files\NotCategorized</Filter>
    </ClCompile>
    <ClCompile Include="baekjoon\class3\boj_11659.cpp">
      <Filter>Source Files\NotCategorized</Filter>
    </ClCompile>
    <ClCompile Include="baekjoon\class1-all\boj_11720.cpp">
      <Filter>Source Files\NotCategorized</Filter>
    </ClCompile>
    <ClCompile Include="baekjoon\class3\boj_11723.cpp">
      <Filter>Source Files\NotCategorized</Filter>
    </ClCompile>
    <ClCompile Include="baekjoon\class3+\boj_11724.cpp">
      <Filter>Source Files\NotCategorized</Filter>
    </ClCompile>
    <ClCompile Include="baekjoon\class3\boj_11726.cpp">
      <Filter>Source Files\NotCategorized</Filter>
    </ClCompile>
    <ClCompile Include="baekjoon\class3\boj_11727.cpp">
      <Filter>Source Files\NotCategorized</Filter>
    </ClCompile>
    <ClCompile Include="baekjoon\class2-all\boj_11866.cpp">
      <Filter>Source Files\NotCategorized</Filter>
    </ClCompile>
    <ClCompile Include="baekjoon\stepbystep\1_ioandcalculation\boj_14681.cpp">
      <Filter>Source Files\NotCategorized</Filter>
    </ClCompile>
    <ClCompile Include="baekjoon\stepbystep\3_for\boj_15552.cpp">
      <Filter>Source Files\NotCategorized</Filter>
    </ClCompile>
    <ClCompile Include="baekjoon\stepbystep\6_function\boj_15596.cpp">
      <Filter>Source Files\NotCategorized</Filter>
    </ClCompile>
    <ClCompile Include="baekjoon\class2-all\boj_15829.cpp">
      <Filter>Source Files\NotCategorized</Filter>
    </ClCompile>
    <ClCompile Include="baekjoon\class3\boj_17219.cpp">
      <Filter>Source Files\NotCategorized</Filter>
    </ClCompile>
    <ClCompile Include="baekjoon\class3\boj_17626.cpp">
      <Filter>Source Files\NotCategorized</Filter>
    </ClCompile>
    <ClCompile Include="baekjoon\stepbystep\1_ioandcalculation\boj_18108.cpp">
      <Filter>Source Files\NotCategorized</Filter>
    </ClCompile>
    <ClCompile Include="baekjoon\class2-all\boj_18111.cpp">
      <Filter>Source Files\NotCategorized</Filter>
    </ClCompile>
    <ClCompile Include="baekjoon\class3+\boj_18870.cpp">
      <Filter>Source Files\NotCategorized</Filter>
    </ClCompile>
    <ClCompile Include="programmers\main.cpp">
      <Filter>Source Files\NotCategorized</Filter>
    </ClCompile>
    <ClCompile Include="programmers\fill_in_puzzle_pieces\solution.cpp">
      <Filter>Source Files\NotCategorized</Filter>
    </ClCompile>
    <ClCompile Include="programmers\weekly_challenge\부족한 금액 계산하기\solution.cpp">
      <Filter>Source Files\NotCategorized</Filter>
    </ClCompile>
    <ClCompile Include="programmers\weekly_challenge\상호평가\solution.cpp">
      <Filter>Source Files\NotCategorized</Filter>
    </ClCompile>
    <ClCompile Include="Baekjoon\Class3++\boj_2667.cpp">
      <Filter>Source Files\class3++</Filter>
    </ClCompile>
    <ClCompile Include="Baekjoon\Class3++\boj_6064.cpp">
      <Filter>Source Files\class3++</Filter>
    </ClCompile>
    <ClCompile Include="test.cpp">
      <Filter>Source Files</Filter>
    </ClCompile>
    <ClCompile Include="Baekjoon\Class3++\boj_11286.cpp">
      <Filter>Source Files\class3++</Filter>
    </ClCompile>
    <ClCompile Include="Baekjoon\Class3++\boj_11403.cpp">
      <Filter>Source Files\class3++</Filter>
    </ClCompile>
    <ClCompile Include="Baekjoon\Class3++\boj_1107.cpp">
      <Filter>Source Files\class3++</Filter>
    </ClCompile>
    <ClCompile Include="Baekjoon\Class3++\boj_5430.cpp">
      <Filter>Source Files\class3++</Filter>
    </ClCompile>
    <ClCompile Include="Baekjoon\Class3++\boj_7569.cpp">
      <Filter>Source Files\class3++</Filter>
    </ClCompile>
    <ClCompile Include="Baekjoon\Class3++\boj_9019.cpp">
      <Filter>Source Files</Filter>
    </ClCompile>
    <ClCompile Include="Baekjoon\Class3++\boj_10026.cpp">
      <Filter>Source Files</Filter>
    </ClCompile>
    <ClCompile Include="Baekjoon\Class3++\boj_14500.cpp">
      <Filter>Source Files</Filter>
    </ClCompile>
  </ItemGroup>
  <ItemGroup>
    <None Include=".gitignore">
      <Filter>Source Files</Filter>
    </None>
  </ItemGroup>
  <ItemGroup>
    <Text Include="in.txt">
      <Filter>Source Files</Filter>
    </Text>
  </ItemGroup>
</Project>